Microsoft Visual Studio Solution File, Format Version 11.00
# Visual Studio 2008

Project("{D8078B6A-71B4-06A7-5258-C898CA6D59D4}") = "Prison-Escape", "Assembly-CSharp.csproj", "{0E83DC3C-411E-3DF2-D159-4EA3DEE3A6E1}"
EndProject
Global
	GlobalSection(SolutionConfigurationPlatforms) = preSolution
		Debug|Any CPU = Debug|Any CPU
		Release|Any CPU = Release|Any CPU
	EndGlobalSection
	GlobalSection(ProjectConfigurationPlatforms) = postSolution
		{0E83DC3C-411E-3DF2-D159-4EA3DEE3A6E1}.Debug|Any CPU.ActiveCfg = Debug|Any CPU
		{0E83DC3C-411E-3DF2-D159-4EA3DEE3A6E1}.Debug|Any CPU.Build.0 = Debug|Any CPU
		{0E83DC3C-411E-3DF2-D159-4EA3DEE3A6E1}.Release|Any CPU.ActiveCfg = Release|Any CPU
		{0E83DC3C-411E-3DF2-D159-4EA3DEE3A6E1}.Release|Any CPU.Build.0 = Release|Any CPU
	EndGlobalSection
	GlobalSection(SolutionProperties) = preSolution
		HideSolutionNode = FALSE
	EndGlobalSection
	GlobalSection(MonoDevelopProperties) = preSolution
		StartupItem = Assembly-CSharp.csproj
	EndGlobalSection
EndGlobal
